
Microsoft Visual Studio Solution File, Format Version 12.00
# Visual Studio Version 16
VisualStudioVersion = 16.0.30717.126
MinimumVisualStudioVersion = 10.0.40219.1
Project("{FAE04EC0-301F-11D3-BF4B-00C04F79EFBC}") = "WindowsFormsApp1", "WindowsFormsApp1\WindowsFormsApp1.csproj", "{206EA3ED-6BF4-425C-9FA9-A3EAAF89F5A9}"
EndProject
Global
	GlobalSection(SolutionConfigurationPlatforms) = preSolution
		Debug|Any CPU = Debug|Any CPU
		Release|Any CPU = Release|Any CPU
	EndGlobalSection
	GlobalSection(ProjectConfigurationPlatforms) = postSolution
		{206EA3ED-6BF4-425C-9FA9-A3EAAF89F5A9}.Debug|Any CPU.ActiveCfg = Debug|Any CPU
		{206EA3ED-6BF4-425C-9FA9-A3EAAF89F5A9}.Debug|Any CPU.Build.0 = Debug|Any CPU
		{206EA3ED-6BF4-425C-9FA9-A3EAAF89F5A9}.Release|Any CPU.ActiveCfg = Release|Any CPU
		{206EA3ED-6BF4-425C-9FA9-A3EAAF89F5A9}.Release|Any CPU.Build.0 = Release|Any CPU
	EndGlobalSection
	GlobalSection(SolutionProperties) = preSolution
		HideSolutionNode = FALSE
	EndGlobalSection
	GlobalSection(ExtensibilityGlobals) = postSolution
		SolutionGuid = {9504C313-8FDD-4532-BF10-17B42171E865}
	EndGlobalSection
EndGlobal
